
Microsoft Visual Studio Solution File, Format Version 12.00
# Visual Studio 15
VisualStudioVersion = 15.0.28010.2048
MinimumVisualStudioVersion = 10.0.40219.1
Project("{9A19103F-16F7-4668-BE54-9A1E7A4F7556}") = "PmbokMobileWebApp", "PmbokMobileWebApp\PmbokMobileWebApp.csproj", "{452358EB-8E5E-4D01-B1B2-A58321406E9A}"
EndProject
Project("{00D1A9C2-B5F0-4AF3-8072-F6C62B433612}") = "dbpmbok", "Database1\dbpmbok.sqlproj", "{6BF0C496-C8AD-4945-9914-D205B4FA20C9}"
EndProject
Project("{FAE04EC0-301F-11D3-BF4B-00C04F79EFBC}") = "TestWebApp", "TestWebApp\TestWebApp.csproj", "{5B2E6F39-C498-44F9-97C8-26F8AF370C47}"
EndProject
Project("{00D1A9C2-B5F0-4AF3-8072-F6C62B433612}") = "ContosoUniversityData", "ContosoUniversityData\ContosoUniversityData.sqlproj", "{0E15EF65-C7C6-4737-B6A7-950CF6345307}"
EndProject
Project("{FAE04EC0-301F-11D3-BF4B-00C04F79EFBC}") = "ContosoUniversity", "ContosoUniversity\ContosoUniversity.csproj", "{5DD08512-C949-45B5-B561-97B613B327FF}"
EndProject
Global
	GlobalSection(SolutionConfigurationPlatforms) = preSolution
		Debug|Any CPU = Debug|Any CPU
		Release|Any CPU = Release|Any CPU
	EndGlobalSection
	GlobalSection(ProjectConfigurationPlatforms) = postSolution
		{452358EB-8E5E-4D01-B1B2-A58321406E9A}.Debug|Any CPU.ActiveCfg = Debug|Any CPU
		{452358EB-8E5E-4D01-B1B2-A58321406E9A}.Debug|Any CPU.Build.0 = Debug|Any CPU
		{452358EB-8E5E-4D01-B1B2-A58321406E9A}.Release|Any CPU.ActiveCfg = Release|Any CPU
		{452358EB-8E5E-4D01-B1B2-A58321406E9A}.Release|Any CPU.Build.0 = Release|Any CPU
		{6BF0C496-C8AD-4945-9914-D205B4FA20C9}.Debug|Any CPU.ActiveCfg = Debug|Any CPU
		{6BF0C496-C8AD-4945-9914-D205B4FA20C9}.Debug|Any CPU.Build.0 = Debug|Any CPU
		{6BF0C496-C8AD-4945-9914-D205B4FA20C9}.Debug|Any CPU.Deploy.0 = Debug|Any CPU
		{6BF0C496-C8AD-4945-9914-D205B4FA20C9}.Release|Any CPU.ActiveCfg = Release|Any CPU
		{6BF0C496-C8AD-4945-9914-D205B4FA20C9}.Release|Any CPU.Build.0 = Release|Any CPU
		{6BF0C496-C8AD-4945-9914-D205B4FA20C9}.Release|Any CPU.Deploy.0 = Release|Any CPU
		{5B2E6F39-C498-44F9-97C8-26F8AF370C47}.Debug|Any CPU.ActiveCfg = Debug|Any CPU
		{5B2E6F39-C498-44F9-97C8-26F8AF370C47}.Debug|Any CPU.Build.0 = Debug|Any CPU
		{5B2E6F39-C498-44F9-97C8-26F8AF370C47}.Release|Any CPU.ActiveCfg = Release|Any CPU
		{5B2E6F39-C498-44F9-97C8-26F8AF370C47}.Release|Any CPU.Build.0 = Release|Any CPU
		{0E15EF65-C7C6-4737-B6A7-950CF6345307}.Debug|Any CPU.ActiveCfg = Debug|Any CPU
		{0E15EF65-C7C6-4737-B6A7-950CF6345307}.Debug|Any CPU.Build.0 = Debug|Any CPU
		{0E15EF65-C7C6-4737-B6A7-950CF6345307}.Debug|Any CPU.Deploy.0 = Debug|Any CPU
		{0E15EF65-C7C6-4737-B6A7-950CF6345307}.Release|Any CPU.ActiveCfg = Release|Any CPU
		{0E15EF65-C7C6-4737-B6A7-950CF6345307}.Release|Any CPU.Build.0 = Release|Any CPU
		{0E15EF65-C7C6-4737-B6A7-950CF6345307}.Release|Any CPU.Deploy.0 = Release|Any CPU
		{5DD08512-C949-45B5-B561-97B613B327FF}.Debug|Any CPU.ActiveCfg = Debug|Any CPU
		{5DD08512-C949-45B5-B561-97B613B327FF}.Debug|Any CPU.Build.0 = Debug|Any CPU
		{5DD08512-C949-45B5-B561-97B613B327FF}.Release|Any CPU.ActiveCfg = Release|Any CPU
		{5DD08512-C949-45B5-B561-97B613B327FF}.Release|Any CPU.Build.0 = Release|Any CPU
	EndGlobalSection
	GlobalSection(SolutionProperties) = preSolution
		HideSolutionNode = FALSE
	EndGlobalSection
	GlobalSection(ExtensibilityGlobals) = postSolution
		SolutionGuid = {EFBF0388-C56C-4BDA-8281-5D71E179F4CF}
	EndGlobalSection
EndGlobal
